
Microsoft Visual Studio Solution File, Format Version 12.00
# Visual Studio Version 17
VisualStudioVersion = 17.14.36212.18
MinimumVisualStudioVersion = 10.0.40219.1
Project("{FAE04EC0-301F-11D3-BF4B-00C04F79EFBC}") = "EFCoreSession1", "EFCoreSession1\EFCoreSession1.csproj", "{DB611692-5DBD-40E8-90E3-2F737D4B39EA}"
EndProject
Project("{FAE04EC0-301F-11D3-BF4B-00C04F79EFBC}") = "InhertanceMapping", "InhertanceMapping\InhertanceMapping.csproj", "{7EFB0F63-F4E3-4D11-A6FC-19337CD8F67D}"
EndProject
Project("{FAE04EC0-301F-11D3-BF4B-00C04F79EFBC}") = "DBFirstApprorach", "DBFirstApprorach\DBFirstApprorach.csproj", "{F0870E6E-7F5A-498B-AA05-6A7FBD7982B8}"
EndProject
Global
	GlobalSection(SolutionConfigurationPlatforms) = preSolution
		Debug|Any CPU = Debug|Any CPU
		Release|Any CPU = Release|Any CPU
	EndGlobalSection
	GlobalSection(ProjectConfigurationPlatforms) = postSolution
		{DB611692-5DBD-40E8-90E3-2F737D4B39EA}.Debug|Any CPU.ActiveCfg = Debug|Any CPU
		{DB611692-5DBD-40E8-90E3-2F737D4B39EA}.Debug|Any CPU.Build.0 = Debug|Any CPU
		{DB611692-5DBD-40E8-90E3-2F737D4B39EA}.Release|Any CPU.ActiveCfg = Release|Any CPU
		{DB611692-5DBD-40E8-90E3-2F737D4B39EA}.Release|Any CPU.Build.0 = Release|Any CPU
		{7EFB0F63-F4E3-4D11-A6FC-19337CD8F67D}.Debug|Any CPU.ActiveCfg = Debug|Any CPU
		{7EFB0F63-F4E3-4D11-A6FC-19337CD8F67D}.Debug|Any CPU.Build.0 = Debug|Any CPU
		{7EFB0F63-F4E3-4D11-A6FC-19337CD8F67D}.Release|Any CPU.ActiveCfg = Release|Any CPU
		{7EFB0F63-F4E3-4D11-A6FC-19337CD8F67D}.Release|Any CPU.Build.0 = Release|Any CPU
		{F0870E6E-7F5A-498B-AA05-6A7FBD7982B8}.Debug|Any CPU.ActiveCfg = Debug|Any CPU
		{F0870E6E-7F5A-498B-AA05-6A7FBD7982B8}.Debug|Any CPU.Build.0 = Debug|Any CPU
		{F0870E6E-7F5A-498B-AA05-6A7FBD7982B8}.Release|Any CPU.ActiveCfg = Release|Any CPU
		{F0870E6E-7F5A-498B-AA05-6A7FBD7982B8}.Release|Any CPU.Build.0 = Release|Any CPU
	EndGlobalSection
	GlobalSection(SolutionProperties) = preSolution
		HideSolutionNode = FALSE
	EndGlobalSection
	GlobalSection(ExtensibilityGlobals) = postSolution
		SolutionGuid = {3D2F7067-1DFE-4961-B347-F9747A91F98E}
	EndGlobalSection
EndGlobal
